{
  "requires": true,
  "lockfileVersion": 1,
  "dependencies": {
    "js-tokens": {
      "version": "4.0.0",
      "resolved": "https://registry.npmjs.org/js-tokens/-/js-tokens-4.0.0.tgz",
      "integrity": "sha512-RdJUflcE3cUzKiMqQgsCu06FPu9UdIJO0beYbPhHN4k6apgJtifcoCtT9bcxOpYBtpD2kCM6Sbzg4CausW/PKQ=="
    },
    "lodash.debounce": {
      "version": "4.0.8",
      "resolved": "https://registry.npmjs.org/lodash.debounce/-/lodash.debounce-4.0.8.tgz",
      "integrity": "sha1-gteb/zCmfEAF/9XiUVMArZyk168="
    },
    "lodash.isequal": {
      "version": "4.5.0",
      "resolved": "https://registry.npmjs.org/lodash.isequal/-/lodash.isequal-4.5.0.tgz",
      "integrity": "sha1-QVxEePK8wwEgwizhDtMib30+GOA="
    },
    "loose-envify": {
      "version": "1.4.0",
      "resolved": "https://registry.npmjs.org/loose-envify/-/loose-envify-1.4.0.tgz",
      "integrity": "sha512-lyuxPGr/Wfhrlem2CL/UcnUc1zcqKAImBDzukY7Y5F/yQiNdko6+fRLevlw1HgMySw7f611UIY408EtxRSoK3Q==",
      "requires": {
        "js-tokens": "^3.0.0 || ^4.0.0"
      }
    },
    "object-assign": {
      "version": "4.1.1",
      "resolved": "https://registry.npmjs.org/object-assign/-/object-assign-4.1.1.tgz",
      "integrity": "sha1-IQmtx5ZYh8/AXLvUQsrIv7s2CGM="
    },
    "prop-types": {
      "version": "15.7.2",
      "resolved": "https://registry.npmjs.org/prop-types/-/prop-types-15.7.2.tgz",
      "integrity": "sha512-8QQikdH7//R2vurIJSutZ1smHYTcLpRWEOlHnzcWHmBYrOGUysKwSsrC89BCiFj3CbrfJ/nXFdJepOVrY1GCHQ==",
      "requires": {
        "loose-envify": "^1.4.0",
        "object-assign": "^4.1.1",
        "react-is": "^16.8.1"
      }
    },
    "qs": {
      "version": "5.2.1",
      "resolved": "https://registry.npmjs.org/qs/-/qs-5.2.1.tgz",
      "integrity": "sha1-gB/uAw4LlFDWOFrcSKTMVbRK7fw="
    },
    "react-is": {
      "version": "16.12.0",
      "resolved": "https://registry.npmjs.org/react-is/-/react-is-16.12.0.tgz",
      "integrity": "sha512-rPCkf/mWBtKc97aLL9/txD8DZdemK0vkA3JMLShjlJB3Pj3s+lpf1KaBzMfQrAmhMQB0n1cU/SUGgKKBCe837Q=="
    },
    "react-native-google-places": {
      "version": "3.1.2",
      "resolved": "https://registry.npmjs.org/react-native-google-places/-/react-native-google-places-3.1.2.tgz",
      "integrity": "sha512-aKPbGHga3k/Vkfw9NMf/1t0sivdqxn4qzCbEyAfmhxO7Mlqv9Nljjnez6rp6MZGwh89ss3/a9lhM4ulyZ6o0ew=="
    },
    "react-native-google-places-autocomplete": {
      "version": "1.4.0",
      "resolved": "https://registry.npmjs.org/react-native-google-places-autocomplete/-/react-native-google-places-autocomplete-1.4.0.tgz",
      "integrity": "sha512-+D3s8z+BMT24X19yxjRp5uZYPP7mTQ3v318QNI5N+0oYbSsq7HZ/8hXk55kxVUaFjm/Cn3mPjuWV49Rf+QwPFw==",
      "requires": {
        "lodash.debounce": "^4.0.8",
        "prop-types": "^15.5.10",
        "qs": "^5.2.0"
      }
    },
    "react-native-maps": {
      "version": "0.26.1",
      "resolved": "https://registry.npmjs.org/react-native-maps/-/react-native-maps-0.26.1.tgz",
      "integrity": "sha512-p4VTB8YB5ZmOmDRCUpoHZkm05amZwhIo04AJMBbB9+JAR2PNNfpo0vceoWX0Mag4wnePkdzPomeWMplr/wimTg=="
    },
    "react-native-maps-directions": {
      "version": "1.7.3",
      "resolved": "https://registry.npmjs.org/react-native-maps-directions/-/react-native-maps-directions-1.7.3.tgz",
      "integrity": "sha512-Ramokou/myMIORwlFxQmT7hDK4MhqSLN/gkNTj/C9F/6/OF6uDDNog4Km/knXzY3YzoqthOVSDXQ2iTwUmwjwA==",
      "requires": {
        "lodash.isequal": "^4.5.0",
        "prop-types": "^15.6.0"
      }
    }
  }
}
